
Microsoft Visual Studio Solution File, Format Version 12.00
# Visual Studio Version 17
VisualStudioVersion = 17.14.36623.8 d17.14
MinimumVisualStudioVersion = 10.0.40219.1
Project("{FAE04EC0-301F-11D3-BF4B-00C04F79EFBC}") = "CodingTracker", "CodingTracker\CodingTracker.csproj", "{AC8F7570-4808-438C-AC22-F4CFB608CC72}"
EndProject
Global
	GlobalSection(SolutionConfigurationPlatforms) = preSolution
		Debug|Any CPU = Debug|Any CPU
		Release|Any CPU = Release|Any CPU
	EndGlobalSection
	GlobalSection(ProjectConfigurationPlatforms) = postSolution
		{AC8F7570-4808-438C-AC22-F4CFB608CC72}.Debug|Any CPU.ActiveCfg = Debug|Any CPU
		{AC8F7570-4808-438C-AC22-F4CFB608CC72}.Debug|Any CPU.Build.0 = Debug|Any CPU
		{AC8F7570-4808-438C-AC22-F4CFB608CC72}.Release|Any CPU.ActiveCfg = Release|Any CPU
		{AC8F7570-4808-438C-AC22-F4CFB608CC72}.Release|Any CPU.Build.0 = Release|Any CPU
	EndGlobalSection
	GlobalSection(SolutionProperties) = preSolution
		HideSolutionNode = FALSE
	EndGlobalSection
	GlobalSection(ExtensibilityGlobals) = postSolution
		SolutionGuid = {A3A04322-84BC-4D6B-AA1E-7550B0AC3DE4}
	EndGlobalSection
EndGlobal
